{
  "name": "v_frame",
  "version": "1.0.0",
  "lockfileVersion": 2,
  "requires": true,
  "packages": {
    "": {
      "version": "1.0.0",
      "license": "ISC",
      "dependencies": {
        "async-validator": "^4.0.2"
      }
    },
    "node_modules/async-validator": {
      "version": "4.0.2",
      "resolved": "https://registry.nlark.com/async-validator/download/async-validator-4.0.2.tgz",
      "integrity": "sha1-+AiWKP+KlffIxY4bjTw82d4YaZY="
    }
  },
  "dependencies": {
    "async-validator": {
      "version": "4.0.2",
      "resolved": "https://registry.nlark.com/async-validator/download/async-validator-4.0.2.tgz",
      "integrity": "sha1-+AiWKP+KlffIxY4bjTw82d4YaZY="
    }
  }
}
